<?xml version="1.0" encoding="utf-8"?>
<Project ToolsVersion="4.0" xmlns="http://schemas.microsoft.com/developer/msbuild/2003">
  <ItemGroup>
    <ClCompile Include="Aabb.cpp">
      <Filter>utils</Filter>
    </ClCompile>
    <ClCompile Include="BaseModel.cpp">
      <Filter>utils</Filter>
    </ClCompile>
    <ClCompile Include="BaseShader.cpp">
      <Filter>utils</Filter>
    </ClCompile>
    <ClCompile Include="Camera.cpp">
      <Filter>utils</Filter>
    </ClCompile>
    <ClCompile Include="color.cpp">
      <Filter>utils</Filter>
    </ClCompile>
    <ClCompile Include="ConstantShader.cpp">
      <Filter>utils</Filter>
    </ClCompile>
    <ClCompile Include="DuckGame.cpp">
      <Filter>utils</Filter>
    </ClCompile>
    <ClCompile Include="IndexBuffer.cpp">
      <Filter>utils</Filter>
    </ClCompile>
    <ClCompile Include="LineBoxModel.cpp">
      <Filter>utils</Filter>
    </ClCompile>
    <ClCompile Include="LinePlaneModel.cpp">
      <Filter>utils</Filter>
    </ClCompile>
    <ClCompile Include="Matrix.cpp">
      <Filter>utils</Filter>
    </ClCompile>
    <ClCompile Include="Model.cpp">
      <Filter>utils</Filter>
    </ClCompile>
    <ClCompile Include="PhongShader.cpp">
      <Filter>utils</Filter>
    </ClCompile>
    <ClCompile Include="rgbimage.cpp">
      <Filter>utils</Filter>
    </ClCompile>
    <ClCompile Include="Texture.cpp">
      <Filter>utils</Filter>
    </ClCompile>
    <ClCompile Include="TriangleBoxModel.cpp">
      <Filter>utils</Filter>
    </ClCompile>
    <ClCompile Include="TrianglePlaneModel.cpp">
      <Filter>utils</Filter>
    </ClCompile>
    <ClCompile Include="TriangleSphereModel.cpp">
      <Filter>utils</Filter>
    </ClCompile>
    <ClCompile Include="vector.cpp">
      <Filter>utils</Filter>
    </ClCompile>
    <ClCompile Include="VertexBuffer.cpp">
      <Filter>utils</Filter>
    </ClCompile>
    <ClCompile Include="Application.cpp" />
    <ClCompile Include="Duck.cpp" />
    <ClCompile Include="Spawner.cpp" />
    <ClCompile Include="Water.cpp" />
    <ClCompile Include="Vector2D.cpp" />
    <ClCompile Include="Wave.cpp" />
    <ClCompile Include="WaterShader.cpp" />
    <ClCompile Include="ShaderLightMapper.cpp" />
    <ClCompile Include="Lights.cpp" />
    <ClCompile Include="UIService.cpp" />
    <ClCompile Include="FontShader.cpp" />
    <ClCompile Include="DuckShader.cpp" />
  </ItemGroup>
  <ItemGroup>
    <ClInclude Include="Aabb.h">
      <Filter>utils</Filter>
    </ClInclude>
    <ClInclude Include="BaseModel.h">
      <Filter>utils</Filter>
    </ClInclude>
    <ClInclude Include="BaseShader.h">
      <Filter>utils</Filter>
    </ClInclude>
    <ClInclude Include="Camera.h">
      <Filter>utils</Filter>
    </ClInclude>
    <ClInclude Include="color.h">
      <Filter>utils</Filter>
    </ClInclude>
    <ClInclude Include="ConstantShader.h">
      <Filter>utils</Filter>
    </ClInclude>
    <ClInclude Include="IndexBuffer.h">
      <Filter>utils</Filter>
    </ClInclude>
    <ClInclude Include="LineBoxModel.h">
      <Filter>utils</Filter>
    </ClInclude>
    <ClInclude Include="LinePlaneModel.h">
      <Filter>utils</Filter>
    </ClInclude>
    <ClInclude Include="Matrix.h">
      <Filter>utils</Filter>
    </ClInclude>
    <ClInclude Include="Model.h">
      <Filter>utils</Filter>
    </ClInclude>
    <ClInclude Include="PhongShader.h">
      <Filter>utils</Filter>
    </ClInclude>
    <ClInclude Include="rgbimage.h">
      <Filter>utils</Filter>
    </ClInclude>
    <ClInclude Include="Texture.h">
      <Filter>utils</Filter>
    </ClInclude>
    <ClInclude Include="TriangleBoxModel.h">
      <Filter>utils</Filter>
    </ClInclude>
    <ClInclude Include="TrianglePlaneModel.h">
      <Filter>utils</Filter>
    </ClInclude>
    <ClInclude Include="TriangleSphereModel.h">
      <Filter>utils</Filter>
    </ClInclude>
    <ClInclude Include="vector.h">
      <Filter>utils</Filter>
    </ClInclude>
    <ClInclude Include="VertexBuffer.h">
      <Filter>utils</Filter>
    </ClInclude>
    <ClInclude Include="Application.h" />
    <ClInclude Include="Duck.h" />
    <ClInclude Include="Spawner.h" />
    <ClInclude Include="Water.h" />
    <ClInclude Include="Vector2D.h" />
    <ClInclude Include="Wave.h" />
    <ClInclude Include="WaterShader.h" />
    <ClInclude Include="ShaderLightMapper.h" />
    <ClInclude Include="Lights.h" />
    <ClInclude Include="UIService.h" />
    <ClInclude Include="FontShader.h" />
    <ClInclude Include="DuckShader.h" />
  </ItemGroup>
  <ItemGroup>
    <Filter Include="utils">
      <UniqueIdentifier>{6a0c1a06-b076-4a75-ab45-2cf65e4bb1bd}</UniqueIdentifier>
    </Filter>
  </ItemGroup>
</Project>